
Microsoft Visual Studio Solution File, Format Version 12.00
# Visual Studio 15
VisualStudioVersion = 15.0.26124.0
MinimumVisualStudioVersion = 15.0.26124.0
Project("{FAE04EC0-301F-11D3-BF4B-00C04F79EFBC}") = "dopstercep.UI", "dopstercep.UI\dopstercep.UI.csproj", "{635BE740-17E9-4F0B-B700-718CC25C36A9}"
EndProject
Project("{FAE04EC0-301F-11D3-BF4B-00C04F79EFBC}") = "dopstercep.Infra", "dopstercep.Infra\dopstercep.Infra.csproj", "{EDE270C6-8FC7-45A5-9A6A-7AFC1A5C636B}"
EndProject
Project("{FAE04EC0-301F-11D3-BF4B-00C04F79EFBC}") = "dopstercep.Domain", "dopstercep.Domain\dopstercep.Domain.csproj", "{AD5F164C-0A3E-40B3-9339-65928DE5B985}"
EndProject
Project("{FAE04EC0-301F-11D3-BF4B-00C04F79EFBC}") = "dopstercep.Service", "dopstercep.Service\dopstercep.Service.csproj", "{BCE8565A-BC5A-493D-B9DC-54BE793A4F31}"
EndProject
Project("{FAE04EC0-301F-11D3-BF4B-00C04F79EFBC}") = "dopstercep.Application", "dopstercep.Application\dopstercep.Application.csproj", "{4276203D-B43E-4115-9413-0069BCE34076}"
EndProject
Global
	GlobalSection(SolutionConfigurationPlatforms) = preSolution
		Debug|Any CPU = Debug|Any CPU
		Debug|x64 = Debug|x64
		Debug|x86 = Debug|x86
		Release|Any CPU = Release|Any CPU
		Release|x64 = Release|x64
		Release|x86 = Release|x86
	EndGlobalSection
	GlobalSection(SolutionProperties) = preSolution
		HideSolutionNode = FALSE
	EndGlobalSection
	GlobalSection(ProjectConfigurationPlatforms) = postSolution
		{635BE740-17E9-4F0B-B700-718CC25C36A9}.Debug|Any CPU.ActiveCfg = Debug|Any CPU
		{635BE740-17E9-4F0B-B700-718CC25C36A9}.Debug|Any CPU.Build.0 = Debug|Any CPU
		{635BE740-17E9-4F0B-B700-718CC25C36A9}.Debug|x64.ActiveCfg = Debug|Any CPU
		{635BE740-17E9-4F0B-B700-718CC25C36A9}.Debug|x64.Build.0 = Debug|Any CPU
		{635BE740-17E9-4F0B-B700-718CC25C36A9}.Debug|x86.ActiveCfg = Debug|Any CPU
		{635BE740-17E9-4F0B-B700-718CC25C36A9}.Debug|x86.Build.0 = Debug|Any CPU
		{635BE740-17E9-4F0B-B700-718CC25C36A9}.Release|Any CPU.ActiveCfg = Release|Any CPU
		{635BE740-17E9-4F0B-B700-718CC25C36A9}.Release|Any CPU.Build.0 = Release|Any CPU
		{635BE740-17E9-4F0B-B700-718CC25C36A9}.Release|x64.ActiveCfg = Release|Any CPU
		{635BE740-17E9-4F0B-B700-718CC25C36A9}.Release|x64.Build.0 = Release|Any CPU
		{635BE740-17E9-4F0B-B700-718CC25C36A9}.Release|x86.ActiveCfg = Release|Any CPU
		{635BE740-17E9-4F0B-B700-718CC25C36A9}.Release|x86.Build.0 = Release|Any CPU
		{EDE270C6-8FC7-45A5-9A6A-7AFC1A5C636B}.Debug|Any CPU.ActiveCfg = Debug|Any CPU
		{EDE270C6-8FC7-45A5-9A6A-7AFC1A5C636B}.Debug|Any CPU.Build.0 = Debug|Any CPU
		{EDE270C6-8FC7-45A5-9A6A-7AFC1A5C636B}.Debug|x64.ActiveCfg = Debug|Any CPU
		{EDE270C6-8FC7-45A5-9A6A-7AFC1A5C636B}.Debug|x64.Build.0 = Debug|Any CPU
		{EDE270C6-8FC7-45A5-9A6A-7AFC1A5C636B}.Debug|x86.ActiveCfg = Debug|Any CPU
		{EDE270C6-8FC7-45A5-9A6A-7AFC1A5C636B}.Debug|x86.Build.0 = Debug|Any CPU
		{EDE270C6-8FC7-45A5-9A6A-7AFC1A5C636B}.Release|Any CPU.ActiveCfg = Release|Any CPU
		{EDE270C6-8FC7-45A5-9A6A-7AFC1A5C636B}.Release|Any CPU.Build.0 = Release|Any CPU
		{EDE270C6-8FC7-45A5-9A6A-7AFC1A5C636B}.Release|x64.ActiveCfg = Release|Any CPU
		{EDE270C6-8FC7-45A5-9A6A-7AFC1A5C636B}.Release|x64.Build.0 = Release|Any CPU
		{EDE270C6-8FC7-45A5-9A6A-7AFC1A5C636B}.Release|x86.ActiveCfg = Release|Any CPU
		{EDE270C6-8FC7-45A5-9A6A-7AFC1A5C636B}.Release|x86.Build.0 = Release|Any CPU
		{AD5F164C-0A3E-40B3-9339-65928DE5B985}.Debug|Any CPU.ActiveCfg = Debug|Any CPU
		{AD5F164C-0A3E-40B3-9339-65928DE5B985}.Debug|Any CPU.Build.0 = Debug|Any CPU
		{AD5F164C-0A3E-40B3-9339-65928DE5B985}.Debug|x64.ActiveCfg = Debug|Any CPU
		{AD5F164C-0A3E-40B3-9339-65928DE5B985}.Debug|x64.Build.0 = Debug|Any CPU
		{AD5F164C-0A3E-40B3-9339-65928DE5B985}.Debug|x86.ActiveCfg = Debug|Any CPU
		{AD5F164C-0A3E-40B3-9339-65928DE5B985}.Debug|x86.Build.0 = Debug|Any CPU
		{AD5F164C-0A3E-40B3-9339-65928DE5B985}.Release|Any CPU.ActiveCfg = Release|Any CPU
		{AD5F164C-0A3E-40B3-9339-65928DE5B985}.Release|Any CPU.Build.0 = Release|Any CPU
		{AD5F164C-0A3E-40B3-9339-65928DE5B985}.Release|x64.ActiveCfg = Release|Any CPU
		{AD5F164C-0A3E-40B3-9339-65928DE5B985}.Release|x64.Build.0 = Release|Any CPU
		{AD5F164C-0A3E-40B3-9339-65928DE5B985}.Release|x86.ActiveCfg = Release|Any CPU
		{AD5F164C-0A3E-40B3-9339-65928DE5B985}.Release|x86.Build.0 = Release|Any CPU
		{BCE8565A-BC5A-493D-B9DC-54BE793A4F31}.Debug|Any CPU.ActiveCfg = Debug|Any CPU
		{BCE8565A-BC5A-493D-B9DC-54BE793A4F31}.Debug|Any CPU.Build.0 = Debug|Any CPU
		{BCE8565A-BC5A-493D-B9DC-54BE793A4F31}.Debug|x64.ActiveCfg = Debug|Any CPU
		{BCE8565A-BC5A-493D-B9DC-54BE793A4F31}.Debug|x64.Build.0 = Debug|Any CPU
		{BCE8565A-BC5A-493D-B9DC-54BE793A4F31}.Debug|x86.ActiveCfg = Debug|Any CPU
		{BCE8565A-BC5A-493D-B9DC-54BE793A4F31}.Debug|x86.Build.0 = Debug|Any CPU
		{BCE8565A-BC5A-493D-B9DC-54BE793A4F31}.Release|Any CPU.ActiveCfg = Release|Any CPU
		{BCE8565A-BC5A-493D-B9DC-54BE793A4F31}.Release|Any CPU.Build.0 = Release|Any CPU
		{BCE8565A-BC5A-493D-B9DC-54BE793A4F31}.Release|x64.ActiveCfg = Release|Any CPU
		{BCE8565A-BC5A-493D-B9DC-54BE793A4F31}.Release|x64.Build.0 = Release|Any CPU
		{BCE8565A-BC5A-493D-B9DC-54BE793A4F31}.Release|x86.ActiveCfg = Release|Any CPU
		{BCE8565A-BC5A-493D-B9DC-54BE793A4F31}.Release|x86.Build.0 = Release|Any CPU
		{4276203D-B43E-4115-9413-0069BCE34076}.Debug|Any CPU.ActiveCfg = Debug|Any CPU
		{4276203D-B43E-4115-9413-0069BCE34076}.Debug|Any CPU.Build.0 = Debug|Any CPU
		{4276203D-B43E-4115-9413-0069BCE34076}.Debug|x64.ActiveCfg = Debug|Any CPU
		{4276203D-B43E-4115-9413-0069BCE34076}.Debug|x64.Build.0 = Debug|Any CPU
		{4276203D-B43E-4115-9413-0069BCE34076}.Debug|x86.ActiveCfg = Debug|Any CPU
		{4276203D-B43E-4115-9413-0069BCE34076}.Debug|x86.Build.0 = Debug|Any CPU
		{4276203D-B43E-4115-9413-0069BCE34076}.Release|Any CPU.ActiveCfg = Release|Any CPU
		{4276203D-B43E-4115-9413-0069BCE34076}.Release|Any CPU.Build.0 = Release|Any CPU
		{4276203D-B43E-4115-9413-0069BCE34076}.Release|x64.ActiveCfg = Release|Any CPU
		{4276203D-B43E-4115-9413-0069BCE34076}.Release|x64.Build.0 = Release|Any CPU
		{4276203D-B43E-4115-9413-0069BCE34076}.Release|x86.ActiveCfg = Release|Any CPU
		{4276203D-B43E-4115-9413-0069BCE34076}.Release|x86.Build.0 = Release|Any CPU
	EndGlobalSection
EndGlobal
